// !$*UTF8*$!
{
	archiveVersion = 1;
	classes = {
	};
	objectVersion = 56;
	objects = {

/* Begin PBXBuildFile section */
		1FF96A322AB71D58000A6D45 /* GlobalNewsApp.swift in Sources */ = {isa = PBXBuildFile; fileRef = 1FF96A312AB71D58000A6D45 /* GlobalNewsApp.swift */; };
		1FF96A342AB71D58000A6D45 /* ContentView.swift in Sources */ = {isa = PBXBuildFile; fileRef = 1FF96A332AB71D58000A6D45 /* ContentView.swift */; };
		1FF96A362AB71D59000A6D45 /* Assets.xcassets in Resources */ = {isa = PBXBuildFile; fileRef = 1FF96A352AB71D59000A6D45 /* Assets.xcassets */; };
		1FF96A392AB71D59000A6D45 /* Preview Assets.xcassets in Resources */ = {isa = PBXBuildFile; fileRef = 1FF96A382AB71D59000A6D45 /* Preview Assets.xcassets */; };
		1FF96A432AB71D59000A6D45 /* GlobalNewsTests.swift in Sources */ = {isa = PBXBuildFile; fileRef = 1FF96A422AB71D59000A6D45 /* GlobalNewsTests.swift */; };
		1FF96A4D2AB71D59000A6D45 /* GlobalNewsUITests.swift in Sources */ = {isa = PBXBuildFile; fileRef = 1FF96A4C2AB71D59000A6D45 /* GlobalNewsUITests.swift */; };
		1FF96A4F2AB71D59000A6D45 /* GlobalNewsUITestsLaunchTests.swift in Sources */ = {isa = PBXBuildFile; fileRef = 1FF96A4E2AB71D59000A6D45 /* GlobalNewsUITestsLaunchTests.swift */; };
/* End PBXBuildFile section */

/* Begin PBXContainerItemProxy section */
		1FF96A3F2AB71D59000A6D45 /* PBXContainerItemProxy */ = {
			isa = PBXContainerItemProxy;
			containerPortal = 1FF96A262AB71D58000A6D45 /* Project object */;
			proxyType = 1;
			remoteGlobalIDString = 1FF96A2D2AB71D58000A6D45;
			remoteInfo = GlobalNews;
		};
		1FF96A492AB71D59000A6D45 /* PBXContainerItemProxy */ = {
			isa = PBXContainerItemProxy;
			containerPortal = 1FF96A262AB71D58000A6D45 /* Project object */;
			proxyType = 1;
			remoteGlobalIDString = 1FF96A2D2AB71D58000A6D45;
			remoteInfo = GlobalNews;
		};
/* End PBXContainerItemProxy section */

/* Begin PBXFileReference section */
		1FF96A2E2AB71D58000A6D45 /* GlobalNews.app */ = {isa = PBXFileReference; explicitFileType = wrapper.application; includeInIndex = 0; path = GlobalNews.app; sourceTree = BUILT_PRODUCTS_DIR; };
		1FF96A312AB71D58000A6D45 /* GlobalNewsApp.swift */ = {isa = PBXFileReference; lastKnownFileType = sourcecode.swift; path = GlobalNewsApp.swift; sourceTree = "<group>"; };
		1FF96A332AB71D58000A6D45 /* ContentView.swift */ = {isa = PBXFileReference; lastKnownFileType = sourcecode.swift; path = ContentView.swift; sourceTree = "<group>"; };
		1FF96A352AB71D59000A6D45 /* Assets.xcassets */ = {isa = PBXFileReference; lastKnownFileType = folder.assetcatalog; path = Assets.xcassets; sourceTree = "<group>"; };
		1FF96A382AB71D59000A6D45 /* Preview Assets.xcassets */ = {isa = PBXFileReference; lastKnownFileType = folder.assetcatalog; path = "Preview Assets.xcassets"; sourceTree = "<group>"; };
		1FF96A3E2AB71D59000A6D45 /* GlobalNewsTests.xctest */ = {isa = PBXFileReference; explicitFileType = wrapper.cfbundle; includeInIndex = 0; path = GlobalNewsTests.xctest; sourceTree = BUILT_PRODUCTS_DIR; };
		1FF96A422AB71D59000A6D45 /* GlobalNewsTests.swift */ = {isa = PBXFileReference; lastKnownFileType = sourcecode.swift; path = GlobalNewsTests.swift; sourceTree = "<group>"; };
		1FF96A482AB71D59000A6D45 /* GlobalNewsUITests.xctest */ = {isa = PBXFileReference; explicitFileType = wrapper.cfbundle; includeInIndex = 0; path = GlobalNewsUITests.xctest; sourceTree = BUILT_PRODUCTS_DIR; };
		1FF96A4C2AB71D59000A6D45 /* GlobalNewsUITests.swift */ = {isa = PBXFileReference; lastKnownFileType = sourcecode.swift; path = GlobalNewsUITests.swift; sourceTree = "<group>"; };
		1FF96A4E2AB71D59000A6D45 /* GlobalNewsUITestsLaunchTests.swift */ = {isa = PBXFileReference; lastKnownFileType = sourcecode.swift; path = GlobalNewsUITestsLaunchTests.swift; sourceTree = "<group>"; };
/* End PBXFileReference section */

/* Begin PBXFrameworksBuildPhase section */
		1FF96A2B2AB71D58000A6D45 /* Frameworks */ = {
			isa = PBXFrameworksBuildPhase;
			buildActionMask = 2147483647;
			files = (
			);
			runOnlyForDeploymentPostprocessing = 0;
		};
		1FF96A3B2AB71D59000A6D45 /* Frameworks */ = {
			isa = PBXFrameworksBuildPhase;
			buildActionMask = 2147483647;
			files = (
			);
			runOnlyForDeploymentPostprocessing = 0;
		};
		1FF96A452AB71D59000A6D45 /* Frameworks */ = {
			isa = PBXFrameworksBuildPhase;
			buildActionMask = 2147483647;
			files = (
			);
			runOnlyForDeploymentPostprocessing = 0;
		};
/* End PBXFrameworksBuildPhase section */

/* Begin PBXGroup section */
		1FF96A252AB71D58000A6D45 = {
			isa = PBXGroup;
			children = (
				1FF96A302AB71D58000A6D45 /* GlobalNews */,
				1FF96A412AB71D59000A6D45 /* GlobalNewsTests */,
				1FF96A4B2AB71D59000A6D45 /* GlobalNewsUITests */,
				1FF96A2F2AB71D58000A6D45 /* Products */,
			);
			sourceTree = "<group>";
		};
		1FF96A2F2AB71D58000A6D45 /* Products */ = {
			isa = PBXGroup;
			children = (
				1FF96A2E2AB71D58000A6D45 /* GlobalNews.app */,
				1FF96A3E2AB71D59000A6D45 /* GlobalNewsTests.xctest */,
				1FF96A482AB71D59000A6D45 /* GlobalNewsUITests.xctest */,
			);
			name = Products;
			sourceTree = "<group>";
		};
		1FF96A302AB71D58000A6D45 /* GlobalNews */ = {
			isa = PBXGroup;
			children = (
				1FF96A312AB71D58000A6D45 /* GlobalNewsApp.swift */,
				1FF96A332AB71D58000A6D45 /* ContentView.swift */,
				1FF96A352AB71D59000A6D45 /* Assets.xcassets */,
				1FF96A372AB71D59000A6D45 /* Preview Content */,
			);
			path = GlobalNews;
			sourceTree = "<group>";
		};
		1FF96A372AB71D59000A6D45 /* Preview Content */ = {
			isa = PBXGroup;
			children = (
				1FF96A382AB71D59000A6D45 /* Preview Assets.xcassets */,
			);
			path = "Preview Content";
			sourceTree = "<group>";
		};
		1FF96A412AB71D59000A6D45 /* GlobalNewsTests */ = {
			isa = PBXGroup;
			children = (
				1FF96A422AB71D59000A6D45 /* GlobalNewsTests.swift */,
			);
			path = GlobalNewsTests;
			sourceTree = "<group>";
		};
		1FF96A4B2AB71D59000A6D45 /* GlobalNewsUITests */ = {
			isa = PBXGroup;
			children = (
				1FF96A4C2AB71D59000A6D45 /* GlobalNewsUITests.swift */,
				1FF96A4E2AB71D59000A6D45 /* GlobalNewsUITestsLaunchTests.swift */,
			);
			path = GlobalNewsUITests;
			sourceTree = "<group>";
		};
/* End PBXGroup section */

/* Begin PBXNativeTarget section */
		1FF96A2D2AB71D58000A6D45 /* GlobalNews */ = {
			isa = PBXNativeTarget;
			buildConfigurationList = 1FF96A522AB71D59000A6D45 /* Build configuration list for PBXNativeTarget "GlobalNews" */;
			buildPhases = (
				1FF96A2A2AB71D58000A6D45 /* Sources */,
				1FF96A2B2AB71D58000A6D45 /* Frameworks */,
				1FF96A2C2AB71D58000A6D45 /* Resources */,
			);
			buildRules = (
			);
			dependencies = (
			);
			name = GlobalNews;
			productName = GlobalNews;
			productReference = 1FF96A2E2AB71D58000A6D45 /* GlobalNews.app */;
			productType = "com.apple.product-type.application";
		};
		1FF96A3D2AB71D59000A6D45 /* GlobalNewsTests */ = {
			isa = PBXNativeTarget;
			buildConfigurationList = 1FF96A552AB71D59000A6D45 /* Build configuration list for PBXNativeTarget "GlobalNewsTests" */;
			buildPhases = (
				1FF96A3A2AB71D59000A6D45 /* Sources */,
				1FF96A3B2AB71D59000A6D45 /* Frameworks */,
				1FF96A3C2AB71D59000A6D45 /* Resources */,
			);
			buildRules = (
			);
			dependencies = (
				1FF96A402AB71D59000A6D45 /* PBXTargetDependency */,
			);
			name = GlobalNewsTests;
			productName = GlobalNewsTests;
			productReference = 1FF96A3E2AB71D59000A6D45 /* GlobalNewsTests.xctest */;
			productType = "com.apple.product-type.bundle.unit-test";
		};
		1FF96A472AB71D59000A6D45 /* GlobalNewsUITests */ = {
			isa = PBXNativeTarget;
			buildConfigurationList = 1FF96A582AB71D59000A6D45 /* Build configuration list for PBXNativeTarget "GlobalNewsUITests" */;
			buildPhases = (
				1FF96A442AB71D59000A6D45 /* Sources */,
				1FF96A452AB71D59000A6D45 /* Frameworks */,
				1FF96A462AB71D59000A6D45 /* Resources */,
			);
			buildRules = (
			);
			dependencies = (
				1FF96A4A2AB71D59000A6D45 /* PBXTargetDependency */,
			);
			name = GlobalNewsUITests;
			productName = GlobalNewsUITests;
			productReference = 1FF96A482AB71D59000A6D45 /* GlobalNewsUITests.xctest */;
			productType = "com.apple.product-type.bundle.ui-testing";
		};
/* End PBXNativeTarget section */

/* Begin PBXProject section */
		1FF96A262AB71D58000A6D45 /* Project object */ = {
			isa = PBXProject;
			attributes = {
				BuildIndependentTargetsInParallel = 1;
				LastSwiftUpdateCheck = 1430;
				LastUpgradeCheck = 1430;
				TargetAttributes = {
					1FF96A2D2AB71D58000A6D45 = {
						CreatedOnToolsVersion = 14.3.1;
					};
					1FF96A3D2AB71D59000A6D45 = {
						CreatedOnToolsVersion = 14.3.1;
						TestTargetID = 1FF96A2D2AB71D58000A6D45;
					};
					1FF96A472AB71D59000A6D45 = {
						CreatedOnToolsVersion = 14.3.1;
						TestTargetID = 1FF96A2D2AB71D58000A6D45;
					};
				};
			};
			buildConfigurationList = 1FF96A292AB71D58000A6D45 /* Build configuration list for PBXProject "GlobalNews" */;
			compatibilityVersion = "Xcode 14.0";
			developmentRegion = en;
			hasScannedForEncodings = 0;
			knownRegions = (
				en,
				Base,
			);
			mainGroup = 1FF96A252AB71D58000A6D45;
			productRefGroup = 1FF96A2F2AB71D58000A6D45 /* Products */;
			projectDirPath = "";
			projectRoot = "";
			targets = (
				1FF96A2D2AB71D58000A6D45 /* GlobalNews */,
				1FF96A3D2AB71D59000A6D45 /* GlobalNewsTests */,
				1FF96A472AB71D59000A6D45 /* GlobalNewsUITests */,
			);
		};
/* End PBXProject section */

/* Begin PBXResourcesBuildPhase section */
		1FF96A2C2AB71D58000A6D45 /* Resources */ = {
			isa = PBXResourcesBuildPhase;
			buildActionMask = 2147483647;
			files = (
				1FF96A392AB71D59000A6D45 /* Preview Assets.xcassets in Resources */,
				1FF96A362AB71D59000A6D45 /* Assets.xcassets in Resources */,
			);
			runOnlyForDeploymentPostprocessing = 0;
		};
		1FF96A3C2AB71D59000A6D45 /* Resources */ = {
			isa = PBXResourcesBuildPhase;
			buildActionMask = 2147483647;
			files = (
			);
			runOnlyForDeploymentPostprocessing = 0;
		};
		1FF96A462AB71D59000A6D45 /* Resources */ = {
			isa = PBXResourcesBuildPhase;
			buildActionMask = 2147483647;
			files = (
			);
			runOnlyForDeploymentPostprocessing = 0;
		};
/* End PBXResourcesBuildPhase section */

/* Begin PBXSourcesBuildPhase section */
		1FF96A2A2AB71D58000A6D45 /* Sources */ = {
			isa = PBXSourcesBuildPhase;
			buildActionMask = 2147483647;
			files = (
				1FF96A342AB71D58000A6D45 /* ContentView.swift in Sources */,
				1FF96A322AB71D58000A6D45 /* GlobalNewsApp.swift in Sources */,
			);
			runOnlyForDeploymentPostprocessing = 0;
		};
		1FF96A3A2AB71D59000A6D45 /* Sources */ = {
			isa = PBXSourcesBuildPhase;
			buildActionMask = 2147483647;
			files = (
				1FF96A432AB71D59000A6D45 /* GlobalNewsTests.swift in Sources */,
			);
			runOnlyForDeploymentPostprocessing = 0;
		};
		1FF96A442AB71D59000A6D45 /* Sources */ = {
			isa = PBXSourcesBuildPhase;
			buildActionMask = 2147483647;
			files = (
				1FF96A4F2AB71D59000A6D45 /* GlobalNewsUITestsLaunchTests.swift in Sources */,
				1FF96A4D2AB71D59000A6D45 /* GlobalNewsUITests.swift in Sources */,
			);
			runOnlyForDeploymentPostprocessing = 0;
		};
/* End PBXSourcesBuildPhase section */

/* Begin PBXTargetDependency section */
		1FF96A402AB71D59000A6D45 /* PBXTargetDependency */ = {
			isa = PBXTargetDependency;
			target = 1FF96A2D2AB71D58000A6D45 /* GlobalNews */;
			targetProxy = 1FF96A3F2AB71D59000A6D45 /* PBXContainerItemProxy */;
		};
		1FF96A4A2AB71D59000A6D45 /* PBXTargetDependency */ = {
			isa = PBXTargetDependency;
			target = 1FF96A2D2AB71D58000A6D45 /* GlobalNews */;
			targetProxy = 1FF96A492AB71D59000A6D45 /* PBXContainerItemProxy */;
		};
/* End PBXTargetDependency section */

/* Begin XCBuildConfiguration section */
		1FF96A502AB71D59000A6D45 /* Debug */ = {
			isa = XCBuildConfiguration;
			buildSettings = {
				ALWAYS_SEARCH_USER_PATHS = NO;
				CLANG_ANALYZER_NONNULL = YES;
				CLANG_ANALYZER_NUMBER_OBJECT_CONVERSION = YES_AGGRESSIVE;
				CLANG_CXX_LANGUAGE_STANDARD = "gnu++20";
				CLANG_ENABLE_MODULES = YES;
				CLANG_ENABLE_OBJC_ARC = YES;
				CLANG_ENABLE_OBJC_WEAK = YES;
				CLANG_WARN_BLOCK_CAPTURE_AUTORELEASING = YES;
				CLANG_WARN_BOOL_CONVERSION = YES;
				CLANG_WARN_COMMA = YES;
				CLANG_WARN_CONSTANT_CONVERSION = YES;
				CLANG_WARN_DEPRECATED_OBJC_IMPLEMENTATIONS = YES;
				CLANG_WARN_DIRECT_OBJC_ISA_USAGE = YES_ERROR;
				CLANG_WARN_DOCUMENTATION_COMMENTS = YES;
				CLANG_WARN_EMPTY_BODY = YES;
				CLANG_WARN_ENUM_CONVERSION = YES;
				CLANG_WARN_INFINITE_RECURSION = YES;
				CLANG_WARN_INT_CONVERSION = YES;
				CLANG_WARN_NON_LITERAL_NULL_CONVERSION = YES;
				CLANG_WARN_OBJC_IMPLICIT_RETAIN_SELF = YES;
				CLANG_WARN_OBJC_LITERAL_CONVERSION = YES;
				CLANG_WARN_OBJC_ROOT_CLASS = YES_ERROR;
				CLANG_WARN_QUOTED_INCLUDE_IN_FRAMEWORK_HEADER = YES;
				CLANG_WARN_RANGE_LOOP_ANALYSIS = YES;
				CLANG_WARN_STRICT_PROTOTYPES = YES;
				CLANG_WARN_SUSPICIOUS_MOVE = YES;
				CLANG_WARN_UNGUARDED_AVAILABILITY = YES_AGGRESSIVE;
				CLANG_WARN_UNREACHABLE_CODE = YES;
				CLANG_WARN__DUPLICATE_METHOD_MATCH = YES;
				COPY_PHASE_STRIP = NO;
				DEBUG_INFORMATION_FORMAT = dwarf;
				ENABLE_STRICT_OBJC_MSGSEND = YES;
				ENABLE_TESTABILITY = YES;
				GCC_C_LANGUAGE_STANDARD = gnu11;
				GCC_DYNAMIC_NO_PIC = NO;
				GCC_NO_COMMON_BLOCKS = YES;
				GCC_OPTIMIZATION_LEVEL = 0;
				GCC_PREPROCESSOR_DEFINITIONS = (
					"DEBUG=1",
					"$(inherited)",
				);
				GCC_WARN_64_TO_32_BIT_CONVERSION = YES;
				GCC_WARN_ABOUT_RETURN_TYPE = YES_ERROR;
				GCC_WARN_UNDECLARED_SELECTOR = YES;
				GCC_WARN_UNINITIALIZED_AUTOS = YES_AGGRESSIVE;
				GCC_WARN_UNUSED_FUNCTION = YES;
				GCC_WARN_UNUSED_VARIABLE = YES;
				IPHONEOS_DEPLOYMENT_TARGET = 16.4;
				MTL_ENABLE_DEBUG_INFO = INCLUDE_SOURCE;
				MTL_FAST_MATH = YES;
				ONLY_ACTIVE_ARCH = YES;
				SDKROOT = iphoneos;
				SWIFT_ACTIVE_COMPILATION_CONDITIONS = DEBUG;
				SWIFT_OPTIMIZATION_LEVEL = "-Onone";
			};
			name = Debug;
		};
		1FF96A512AB71D59000A6D45 /* Release */ = {
			isa = XCBuildConfiguration;
			buildSettings = {
				ALWAYS_SEARCH_USER_PATHS = NO;
				CLANG_ANALYZER_NONNULL = YES;
				CLANG_ANALYZER_NUMBER_OBJECT_CONVERSION = YES_AGGRESSIVE;
				CLANG_CXX_LANGUAGE_STANDARD = "gnu++20";
				CLANG_ENABLE_MODULES = YES;
				CLANG_ENABLE_OBJC_ARC = YES;
				CLANG_ENABLE_OBJC_WEAK = YES;
				CLANG_WARN_BLOCK_CAPTURE_AUTORELEASING = YES;
				CLANG_WARN_BOOL_CONVERSION = YES;
				CLANG_WARN_COMMA = YES;
				CLANG_WARN_CONSTANT_CONVERSION = YES;
				CLANG_WARN_DEPRECATED_OBJC_IMPLEMENTATIONS = YES;
				CLANG_WARN_DIRECT_OBJC_ISA_USAGE = YES_ERROR;
				CLANG_WARN_DOCUMENTATION_COMMENTS = YES;
				CLANG_WARN_EMPTY_BODY = YES;
				CLANG_WARN_ENUM_CONVERSION = YES;
				CLANG_WARN_INFINITE_RECURSION = YES;
				CLANG_WARN_INT_CONVERSION = YES;
				CLANG_WARN_NON_LITERAL_NULL_CONVERSION = YES;
				CLANG_WARN_OBJC_IMPLICIT_RETAIN_SELF = YES;
				CLANG_WARN_OBJC_LITERAL_CONVERSION = YES;
				CLANG_WARN_OBJC_ROOT_CLASS = YES_ERROR;
				CLANG_WARN_QUOTED_INCLUDE_IN_FRAMEWORK_HEADER = YES;
				CLANG_WARN_RANGE_LOOP_ANALYSIS = YES;
				CLANG_WARN_STRICT_PROTOTYPES = YES;
				CLANG_WARN_SUSPICIOUS_MOVE = YES;
				CLANG_WARN_UNGUARDED_AVAILABILITY = YES_AGGRESSIVE;
				CLANG_WARN_UNREACHABLE_CODE = YES;
				CLANG_WARN__DUPLICATE_METHOD_MATCH = YES;
				COPY_PHASE_STRIP = NO;
				DEBUG_INFORMATION_FORMAT = "dwarf-with-dsym";
				ENABLE_NS_ASSERTIONS = NO;
				ENABLE_STRICT_OBJC_MSGSEND = YES;
				GCC_C_LANGUAGE_STANDARD = gnu11;
				GCC_NO_COMMON_BLOCKS = YES;
				GCC_WARN_64_TO_32_BIT_CONVERSION = YES;
				GCC_WARN_ABOUT_RETURN_TYPE = YES_ERROR;
				GCC_WARN_UNDECLARED_SELECTOR = YES;
				GCC_WARN_UNINITIALIZED_AUTOS = YES_AGGRESSIVE;
				GCC_WARN_UNUSED_FUNCTION = YES;
				GCC_WARN_UNUSED_VARIABLE = YES;
				IPHONEOS_DEPLOYMENT_TARGET = 16.4;
				MTL_ENABLE_DEBUG_INFO = NO;
				MTL_FAST_MATH = YES;
				SDKROOT = iphoneos;
				SWIFT_COMPILATION_MODE = wholemodule;
				SWIFT_OPTIMIZATION_LEVEL = "-O";
				VALIDATE_PRODUCT = YES;
			};
			name = Release;
		};
		1FF96A532AB71D59000A6D45 /* Debug */ = {
			isa = XCBuildConfiguration;
			buildSettings = {
				ASSETCATALOG_COMPILER_APPICON_NAME = AppIcon;
				ASSETCATALOG_COMPILER_GLOBAL_ACCENT_COLOR_NAME = AccentColor;
				CODE_SIGN_STYLE = Automatic;
				CURRENT_PROJECT_VERSION = 1;
				DEVELOPMENT_ASSET_PATHS = "\"GlobalNews/Preview Content\"";
				ENABLE_PREVIEWS = YES;
				GENERATE_INFOPLIST_FILE = YES;
				INFOPLIST_KEY_UIApplicationSceneManifest_Generation = YES;
				INFOPLIST_KEY_UIApplicationSupportsIndirectInputEvents = YES;
				INFOPLIST_KEY_UILaunchScreen_Generation = YES;
				INFOPLIST_KEY_UISupportedInterfaceOrientations_iPad = "UIInterfaceOrientationPortrait UIInterfaceOrientationPortraitUpsideDown UIInterfaceOrientationLandscapeLeft UIInterfaceOrientationLandscapeRight";
				INFOPLIST_KEY_UISupportedInterfaceOrientations_iPhone = "UIInterfaceOrientationPortrait UIInterfaceOrientationLandscapeLeft UIInterfaceOrientationLandscapeRight";
				LD_RUNPATH_SEARCH_PATHS = (
					"$(inherited)",
					"@executable_path/Frameworks",
				);
				MARKETING_VERSION = 1.0;
				PRODUCT_BUNDLE_IDENTIFIER = debs.GlobalNews;
				PRODUCT_NAME = "$(TARGET_NAME)";
				SWIFT_EMIT_LOC_STRINGS = YES;
				SWIFT_VERSION = 5.0;
				TARGETED_DEVICE_FAMILY = "1,2";
			};
			name = Debug;
		};
		1FF96A542AB71D59000A6D45 /* Release */ = {
			isa = XCBuildConfiguration;
			buildSettings = {
				ASSETCATALOG_COMPILER_APPICON_NAME = AppIcon;
				ASSETCATALOG_COMPILER_GLOBAL_ACCENT_COLOR_NAME = AccentColor;
				CODE_SIGN_STYLE = Automatic;
				CURRENT_PROJECT_VERSION = 1;
				DEVELOPMENT_ASSET_PATHS = "\"GlobalNews/Preview Content\"";
				ENABLE_PREVIEWS = YES;
				GENERATE_INFOPLIST_FILE = YES;
				INFOPLIST_KEY_UIApplicationSceneManifest_Generation = YES;
				INFOPLIST_KEY_UIApplicationSupportsIndirectInputEvents = YES;
				INFOPLIST_KEY_UILaunchScreen_Generation = YES;
				INFOPLIST_KEY_UISupportedInterfaceOrientations_iPad = "UIInterfaceOrientationPortrait UIInterfaceOrientationPortraitUpsideDown UIInterfaceOrientationLandscapeLeft UIInterfaceOrientationLandscapeRight";
				INFOPLIST_KEY_UISupportedInterfaceOrientations_iPhone = "UIInterfaceOrientationPortrait UIInterfaceOrientationLandscapeLeft UIInterfaceOrientationLandscapeRight";
				LD_RUNPATH_SEARCH_PATHS = (
					"$(inherited)",
					"@executable_path/Frameworks",
				);
				MARKETING_VERSION = 1.0;
				PRODUCT_BUNDLE_IDENTIFIER = debs.GlobalNews;
				PRODUCT_NAME = "$(TARGET_NAME)";
				SWIFT_EMIT_LOC_STRINGS = YES;
				SWIFT_VERSION = 5.0;
				TARGETED_DEVICE_FAMILY = "1,2";
			};
			name = Release;
		};
		1FF96A562AB71D59000A6D45 /* Debug */ = {
			isa = XCBuildConfiguration;
			buildSettings = {
				ALWAYS_EMBED_SWIFT_STANDARD_LIBRARIES = YES;
				BUNDLE_LOADER = "$(TEST_HOST)";
				CODE_SIGN_STYLE = Automatic;
				CURRENT_PROJECT_VERSION = 1;
				GENERATE_INFOPLIST_FILE = YES;
				IPHONEOS_DEPLOYMENT_TARGET = 16.4;
				MARKETING_VERSION = 1.0;
				PRODUCT_BUNDLE_IDENTIFIER = debs.GlobalNewsTests;
				PRODUCT_NAME = "$(TARGET_NAME)";
				SWIFT_EMIT_LOC_STRINGS = NO;
				SWIFT_VERSION = 5.0;
				TARGETED_DEVICE_FAMILY = "1,2";
				TEST_HOST = "$(BUILT_PRODUCTS_DIR)/GlobalNews.app/$(BUNDLE_EXECUTABLE_FOLDER_PATH)/GlobalNews";
			};
			name = Debug;
		};
		1FF96A572AB71D59000A6D45 /* Release */ = {
			isa = XCBuildConfiguration;
			buildSettings = {
				ALWAYS_EMBED_SWIFT_STANDARD_LIBRARIES = YES;
				BUNDLE_LOADER = "$(TEST_HOST)";
				CODE_SIGN_STYLE = Automatic;
				CURRENT_PROJECT_VERSION = 1;
				GENERATE_INFOPLIST_FILE = YES;
				IPHONEOS_DEPLOYMENT_TARGET = 16.4;
				MARKETING_VERSION = 1.0;
				PRODUCT_BUNDLE_IDENTIFIER = debs.GlobalNewsTests;
				PRODUCT_NAME = "$(TARGET_NAME)";
				SWIFT_EMIT_LOC_STRINGS = NO;
				SWIFT_VERSION = 5.0;
				TARGETED_DEVICE_FAMILY = "1,2";
				TEST_HOST = "$(BUILT_PRODUCTS_DIR)/GlobalNews.app/$(BUNDLE_EXECUTABLE_FOLDER_PATH)/GlobalNews";
			};
			name = Release;
		};
		1FF96A592AB71D59000A6D45 /* Debug */ = {
			isa = XCBuildConfiguration;
			buildSettings = {
				ALWAYS_EMBED_SWIFT_STANDARD_LIBRARIES = YES;
				CODE_SIGN_STYLE = Automatic;
				CURRENT_PROJECT_VERSION = 1;
				GENERATE_INFOPLIST_FILE = YES;
				MARKETING_VERSION = 1.0;
				PRODUCT_BUNDLE_IDENTIFIER = debs.GlobalNewsUITests;
				PRODUCT_NAME = "$(TARGET_NAME)";
				SWIFT_EMIT_LOC_STRINGS = NO;
				SWIFT_VERSION = 5.0;
				TARGETED_DEVICE_FAMILY = "1,2";
				TEST_TARGET_NAME = GlobalNews;
			};
			name = Debug;
		};
		1FF96A5A2AB71D59000A6D45 /* Release */ = {
			isa = XCBuildConfiguration;
			buildSettings = {
				ALWAYS_EMBED_SWIFT_STANDARD_LIBRARIES = YES;
				CODE_SIGN_STYLE = Automatic;
				CURRENT_PROJECT_VERSION = 1;
				GENERATE_INFOPLIST_FILE = YES;
				MARKETING_VERSION = 1.0;
				PRODUCT_BUNDLE_IDENTIFIER = debs.GlobalNewsUITests;
				PRODUCT_NAME = "$(TARGET_NAME)";
				SWIFT_EMIT_LOC_STRINGS = NO;
				SWIFT_VERSION = 5.0;
				TARGETED_DEVICE_FAMILY = "1,2";
				TEST_TARGET_NAME = GlobalNews;
			};
			name = Release;
		};
/* End XCBuildConfiguration section */

/* Begin XCConfigurationList section */
		1FF96A292AB71D58000A6D45 /* Build configuration list for PBXProject "GlobalNews" */ = {
			isa = XCConfigurationList;
			buildConfigurations = (
				1FF96A502AB71D59000A6D45 /* Debug */,
				1FF96A512AB71D59000A6D45 /* Release */,
			);
			defaultConfigurationIsVisible = 0;
			defaultConfigurationName = Release;
		};
		1FF96A522AB71D59000A6D45 /* Build configuration list for PBXNativeTarget "GlobalNews" */ = {
			isa = XCConfigurationList;
			buildConfigurations = (
				1FF96A532AB71D59000A6D45 /* Debug */,
				1FF96A542AB71D59000A6D45 /* Release */,
			);
			defaultConfigurationIsVisible = 0;
			defaultConfigurationName = Release;
		};
		1FF96A552AB71D59000A6D45 /* Build configuration list for PBXNativeTarget "GlobalNewsTests" */ = {
			isa = XCConfigurationList;
			buildConfigurations = (
				1FF96A562AB71D59000A6D45 /* Debug */,
				1FF96A572AB71D59000A6D45 /* Release */,
			);
			defaultConfigurationIsVisible = 0;
			defaultConfigurationName = Release;
		};
		1FF96A582AB71D59000A6D45 /* Build configuration list for PBXNativeTarget "GlobalNewsUITests" */ = {
			isa = XCConfigurationList;
			buildConfigurations = (
				1FF96A592AB71D59000A6D45 /* Debug */,
				1FF96A5A2AB71D59000A6D45 /* Release */,
			);
			defaultConfigurationIsVisible = 0;
			defaultConfigurationName = Release;
		};
/* End XCConfigurationList section */
	};
	rootObject = 1FF96A262AB71D58000A6D45 /* Project object */;
}
